# This file is generated by running "berry install" inside your project.
# Manual changes might be lost - proceed with caution!

__metadata:
  version: 3

"@babel/runtime@npm:^7.0.0":
  version: 7.5.4
  resolution: "@babel/runtime@npm:7.5.4"
  dependencies:
    regenerator-runtime: "npm:^0.13.2"
  checksum: 30ec8bce5d44c9826233c48abfc93d6a24cc3f43c032dcde928343ddad48fac808f4bf95e7fd6e3ecf38fae7316cd0ddda41df35fc2ec9f2dd2b276d95c3a200
  languageName: node
  linkType: hard

"@berry/fslib@npm:0.0.7":
  version: 0.0.7
  resolution: "@berry/fslib@npm:0.0.7"
  dependencies:
    "@berry/libzip": "npm:0.0.4"
  checksum: 7fac3ec5376d7c253fe154f2c0d495fed8b9fc2ecb201b21ee1c0486ba90e9a2f7b56fb15da20bf8449542e10e6b78d809279b4997766dc22a25260e92ab5810
  languageName: node
  linkType: hard

"@berry/libzip@npm:0.0.4":
  version: 0.0.4
  resolution: "@berry/libzip@npm:0.0.4"
  checksum: 044ff6935cfff2c9abfff07045032e5390c322cf26b0f277f4ae5ffb54d389712f5ec1d602c17faaf73d8a712ca780483b81c83fc69b3c41d18146dcf44b81ea
  languageName: node
  linkType: hard

"@berry/pnpify@npm:^0.0.6":
  version: 0.0.6
  resolution: "@berry/pnpify@npm:0.0.6"
  dependencies:
    "@berry/fslib": "npm:0.0.7"
    cross-spawn: "npm:^6.0.5"
  peerDependencies:
    typescript: "*"
  peerDependenciesMeta:
    typescript:
      optional: true
  bin:
    pnpify: ./lib/bin.js
  checksum: 7bb501132f017bc2a253acae5c0f3cb7183a7658cc16370c0dc55821157782c020b0b334af0b933bc4c14505facad10ad67f6291a5142a626f142aab09d71744
  languageName: node
  linkType: hard

"@types/chai@npm:^4.1.7":
  version: 4.1.7
  resolution: "@types/chai@npm:4.1.7"
  checksum: 5e21f0c333b9ed7582830895dc7a7f8a28c259ac7aae8a9ded4433c3863990528348671d33d6f31d2da7944b16fdf1c26d932d5ec3355572b41f292e202d79e4
  languageName: node
  linkType: hard

"@types/chalk@npm:^2.2.0":
  version: 2.2.0
  resolution: "@types/chalk@npm:2.2.0"
  dependencies:
    chalk: "npm:*"
  checksum: 3138448e693e1d4e8c4b37f45c8d75ee19931b762a984a73e30875e51f10e31a0531a5cc46340e1ab3d66d860c378eec66084c32974858565121136ff66cc137
  languageName: node
  linkType: hard

"@types/mocha@npm:^5.2.7":
  version: 5.2.7
  resolution: "@types/mocha@npm:5.2.7"
  checksum: ed95e38b5029cc8ae7acb01c43c263b013b8c7549e03ba4702abf84cf1ab819f6781616bfe7b80581eeea545d7906e74d2ec2224bdfa9c674dced332afb79933
  languageName: node
  linkType: hard

"@types/node@npm:^12.6.2":
  version: 12.6.2
  resolution: "@types/node@npm:12.6.2"
  checksum: 68caadebb5ed0d9dc45659b1bf229b1f1a112ae084490f231d867a2de76ee3d51c33b3f3a5b9f67e6298efb86ca6845e97cb9929e6e57932717234b1db51bc39
  languageName: node
  linkType: hard

"@types/yup@npm:^0.26.21":
  version: 0.26.21
  resolution: "@types/yup@npm:0.26.21"
  checksum: b9093b5027622a24b77c02a130f895d63dc4b0966df20e6e9268f9a7aec95c74e059a8a77f99115b769485d207a7dc4dfdd0e51b935a5a48d174989af5a368b6
  languageName: node
  linkType: hard

"ansi-colors@npm:3.2.3":
  version: 3.2.3
  resolution: "ansi-colors@npm:3.2.3"
  checksum: 4bcf8d78ff31ead45ccc749466856e74b709bcf82dc809f070c625b36386978b1ff6f2b4d97776e21e5760ce301b7d6337b04bf02a169480406e69b7d6cedea5
  languageName: node
  linkType: hard

"ansi-regex@npm:^2.0.0":
  version: 2.1.1
  resolution: "ansi-regex@npm:2.1.1"
  checksum: 996f6acf5b686d11956d71be78a469bf5000df4b10deece7158d38e9ce7545b59fc27f137d02ac56cdede24c95e6d7b134b87ab04a8bf64025c701f23dcd7746
  languageName: node
  linkType: hard

"ansi-regex@npm:^3.0.0":
  version: 3.0.0
  resolution: "ansi-regex@npm:3.0.0"
  checksum: 10466b12ce1d96dda17538dfc6d5d41d27176382768a12c5cacb1df559abf662e0b362c1b88d394658fb2cd851fe437c3b964455cfbd83843f78d344f86cd98b
  languageName: node
  linkType: hard

"ansi-regex@npm:^4.1.0":
  version: 4.1.0
  resolution: "ansi-regex@npm:4.1.0"
  checksum: 81d6694a109fc59673447e2e5c8f2866fc2d9bba73901a53542663f6b085ab05726a831ea0f1a6c66496c7c4fb3b3c9bebef12d73e08601aad3d80bd60c4d2f0
  languageName: node
  linkType: hard

"ansi-styles@npm:^3.2.1":
  version: 3.2.1
  resolution: "ansi-styles@npm:3.2.1"
  dependencies:
    color-convert: "npm:^1.9.0"
  checksum: 65a184d2f064b01477b0e3259a79f4935d00089a836c387dfcb8f1ecc77769eaff8af9a46a5501a50efa4672a0625192f390135bd444906234029dd9656a4513
  languageName: node
  linkType: hard

"arg@npm:^4.1.0":
  version: 4.1.0
  resolution: "arg@npm:4.1.0"
  checksum: 055c221bdea710780714ea13bb789f0e02079259edea4b8f31e9b85e37ba4f744d2c49ae7e4d5c957268f3245a698ddfd37584728f9cdd9869d1c78713a3270d
  languageName: node
  linkType: hard

"argparse@npm:^1.0.7":
  version: 1.0.10
  resolution: "argparse@npm:1.0.10"
  dependencies:
    sprintf-js: "npm:~1.0.2"
  checksum: 932c488215c6adc689dc5c666c291dd268d5dec641b2195539743da55fe8aa402f4e1c23a415cb6ed9da6aa12e31c6f9d6e41a95055d558e114f1fef5fc0d19b
  languageName: node
  linkType: hard

"assertion-error@npm:^1.1.0":
  version: 1.1.0
  resolution: "assertion-error@npm:1.1.0"
  checksum: 3c7e41cf5f500d6497ca8002b6be882160509a94716465133a6c8df5a632ccfe85d8af606818501a0070a8ee55b4375bee3e78be43a37fcc2449dd333c642816
  languageName: node
  linkType: hard

"balanced-match@npm:^1.0.0":
  version: 1.0.0
  resolution: "balanced-match@npm:1.0.0"
  checksum: 4ef25a348ecb0a0d63d325dbe4d8a9d766f53e33c992fe5ce1e9b125b879dd3b9f30aedf7319deafee8946cf13d5576c91ab971989987b059973b1ce96275009
  languageName: node
  linkType: hard

"brace-expansion@npm:^1.1.7":
  version: 1.1.11
  resolution: "brace-expansion@npm:1.1.11"
  dependencies:
    balanced-match: "npm:^1.0.0"
    concat-map: "npm:0.0.1"
  checksum: 3144205afcd7381e9b71c80c43ba2b611fa5b779e93aca75e17990231df202d259d4b86a7fdd8e0ed2ff4388a00a11885ccce6bd17e4a38e47671340928f6428
  languageName: node
  linkType: hard

"browser-stdout@npm:1.3.1":
  version: 1.3.1
  resolution: "browser-stdout@npm:1.3.1"
  checksum: 11116b5f1b563bcbe72fd4c29b2a70772dd79803d337d2be5a68190b3ff9710debd757bc9f6a3722ddde1a82ee0e886117d04f87e292229dfec96d68c590d1e4
  languageName: node
  linkType: hard

"buffer-from@npm:^1.0.0":
  version: 1.1.1
  resolution: "buffer-from@npm:1.1.1"
  checksum: 109a4f168ca06a669f736bda50e6deb628c3bdb8e1d4e24904c2eab876ccc92446b0482e31aacde1542b1aef0bc593e23616d1c86b8ed01a5fd11edbdddddc2f
  languageName: node
  linkType: hard

"camelcase@npm:^5.0.0":
  version: 5.3.1
  resolution: "camelcase@npm:5.3.1"
  checksum: 88fcc997cc1a67689bed7421589d91b0117d626573b6250d197ed667072e0e96bb132f5594a4f1f16662f737f92e67a16b6b7620fd92914ebe6afb04b2178f95
  languageName: node
  linkType: hard

"chai@npm:^4.2.0":
  version: 4.2.0
  resolution: "chai@npm:4.2.0"
  dependencies:
    assertion-error: "npm:^1.1.0"
    check-error: "npm:^1.0.2"
    deep-eql: "npm:^3.0.1"
    get-func-name: "npm:^2.0.0"
    pathval: "npm:^1.1.0"
    type-detect: "npm:^4.0.5"
  checksum: 81acbf9fb3995d36f1748aad74f73f21b31a03ea36aa4a931a4bf705c7eaf0e3da321f4d27fb02181ddd927ca33eb0341f6e70bda0e044ef22c5f72f8b3dd7fe
  languageName: node
  linkType: hard

"chalk@npm:*, chalk@npm:^2.0.1, chalk@npm:^2.4.2":
  version: 2.4.2
  resolution: "chalk@npm:2.4.2"
  dependencies:
    ansi-styles: "npm:^3.2.1"
    escape-string-regexp: "npm:^1.0.5"
    supports-color: "npm:^5.3.0"
  checksum: 03f55e500b117c9066122a54d2b2b4d76599cf0f110d68092a14267a52b6fdabd8f40fbd000f6ae1075960e4f9036f154306989331e588a09e6fb4c3e6d3d015
  languageName: node
  linkType: hard

"check-error@npm:^1.0.2":
  version: 1.0.2
  resolution: "check-error@npm:1.0.2"
  checksum: 011e880b68a57280a98223906320e030c51205720f9697abae5f7313d6e49e99763744db090265b6577cd6b6c747e3e4bc2ef059c6010ba83a7e8c13fa3b6ed2
  languageName: node
  linkType: hard

"clipanion@workspace:.":
  version: 0.0.0-use.local
  resolution: "clipanion@workspace:."
  dependencies:
    "@berry/pnpify": "npm:^0.0.6"
    "@types/chai": "npm:^4.1.7"
    "@types/chalk": "npm:^2.2.0"
    "@types/mocha": "npm:^5.2.7"
    "@types/node": "npm:^12.6.2"
    "@types/yup": "npm:^0.26.21"
    chai: "npm:^4.2.0"
    chalk: "npm:^2.4.2"
    mocha: "npm:^6.1.4"
    ts-node: "npm:^8.3.0"
    typescript: "npm:^3.5.3"
    yup: "npm:^0.27.0"
  languageName: unknown
  linkType: soft

"cliui@npm:^4.0.0":
  version: 4.1.0
  resolution: "cliui@npm:4.1.0"
  dependencies:
    string-width: "npm:^2.1.1"
    strip-ansi: "npm:^4.0.0"
    wrap-ansi: "npm:^2.0.0"
  checksum: e1c338f721fd5a726a5a973ad168839164a4845c67e3290d9a48514b03978f8f7165507ad2e7978ca93e9fc93cc32fd1da21bab82f592a334408fc2ed203fc87
  languageName: node
  linkType: hard

"code-point-at@npm:^1.0.0":
  version: 1.1.0
  resolution: "code-point-at@npm:1.1.0"
  checksum: de6eb79cc9d37effd5859c4a59ff3a836bc72c88bcdfe3a2fb77af5edf0a30bbc9994451545c91fd92ef320e4b9ad345f0ed2b857332d05de05e5a61e6a67fe2
  languageName: node
  linkType: hard

"color-convert@npm:^1.9.0":
  version: 1.9.3
  resolution: "color-convert@npm:1.9.3"
  dependencies:
    color-name: "npm:1.1.3"
  checksum: 1fb8e3e23c865f4855149810c6d9de47b9192a6bc931cf79f265393439339f839d8e071c2d3abb23589a4cb5085887c60db7361f8baf94f0e67a398d6d35b5f9
  languageName: node
  linkType: hard

"color-name@npm:1.1.3":
  version: 1.1.3
  resolution: "color-name@npm:1.1.3"
  checksum: 426016d44ca83eb843fd2f9019133ea9b47822bba83cef31ca5115675749ad4555801a2070c1bf562b3eb2b4f52a9b1ed6bd605dec7675716a4408c93132c192
  languageName: node
  linkType: hard

"concat-map@npm:0.0.1":
  version: 0.0.1
  resolution: "concat-map@npm:0.0.1"
  checksum: 0214e8460be7245085e3135a774fac64174ae6e34f3bd032f0be4baecd712e8d8910ddd0a1573d49032b277b3c9adf9af0c273e44c802cfde1ca7788db9c60a6
  languageName: node
  linkType: hard

"cross-spawn@npm:^6.0.0, cross-spawn@npm:^6.0.5":
  version: 6.0.5
  resolution: "cross-spawn@npm:6.0.5"
  dependencies:
    nice-try: "npm:^1.0.4"
    path-key: "npm:^2.0.1"
    semver: "npm:^5.5.0"
    shebang-command: "npm:^1.2.0"
    which: "npm:^1.2.9"
  checksum: d06f25a8b38799e85258b28ee0136389d00be52ba6b3573b4a67bcf2e0f70e2f5b6eda3e231f079129d6cec937cc123cf6516efe55a3711487a4dba68cb6a86a
  languageName: node
  linkType: hard

"debug@npm:3.2.6":
  version: 3.2.6
  resolution: "debug@npm:3.2.6"
  dependencies:
    ms: "npm:^2.1.1"
  checksum: 7936b3e1817a9fa39da3ef0ded7deaca1968c0ac934843c0118e1cdad4271d3f36cecc7ce61671453bc65e2fe6be567bbe6e3260345fd2cdb286e6852243e148
  languageName: node
  linkType: hard

"decamelize@npm:^1.2.0":
  version: 1.2.0
  resolution: "decamelize@npm:1.2.0"
  checksum: 0ead15763ac3a6401ba74a26a237ddaa01336fc7acdfa7839520ac8587ba9bfc3940abd1a83b56ed9fee73b4a82c2017a5a9287d101e1cac9b4f8c7e95b0e48c
  languageName: node
  linkType: hard

"deep-eql@npm:^3.0.1":
  version: 3.0.1
  resolution: "deep-eql@npm:3.0.1"
  dependencies:
    type-detect: "npm:^4.0.0"
  checksum: 72a8682852e37a50bf917860d2fa04b310bdcc4de31e6b24b1e3dadadca92d1c6acdc71f9bd4677e669bd2408edc1c69a4264dfcd2d1270555be994f3a807c57
  languageName: node
  linkType: hard

"define-properties@npm:^1.1.2":
  version: 1.1.3
  resolution: "define-properties@npm:1.1.3"
  dependencies:
    object-keys: "npm:^1.0.12"
  checksum: 2bfa67a3e0f1134ff3fcef717acd459a8f0ec6aaca0b7feefb38070537ba4a5224e69272f5e7035dde8fee39508d048a345c2d2050eba293026e9419380a6b26
  languageName: node
  linkType: hard

"diff@npm:3.5.0":
  version: 3.5.0
  resolution: "diff@npm:3.5.0"
  checksum: a8999fb3a5a6ea4b2d42421791b36069409eac989641782133133c7165898ff8a998401b899002e3bae1d4e33055f8134c7ed6b654d650e3124fe7298f8a2ba1
  languageName: node
  linkType: hard

"diff@npm:^4.0.1":
  version: 4.0.1
  resolution: "diff@npm:4.0.1"
  checksum: 361d96d5fec803f9df3da511dca19c968f79a52794623ad72aded43f72da386242730388735f075b39afb38be9d06cb8cf23d11df986458c77afa504c0c38278
  languageName: node
  linkType: hard

"emoji-regex@npm:^7.0.1":
  version: 7.0.3
  resolution: "emoji-regex@npm:7.0.3"
  checksum: 7364312bb0da046836471bd280fa801eb08eb5bde5d1d6b1df549f48fc27c918b38e4fa68c372e3450ddbf62261150ce9100bb1a7f75c3812300856d87c37bb6
  languageName: node
  linkType: hard

"end-of-stream@npm:^1.1.0":
  version: 1.4.1
  resolution: "end-of-stream@npm:1.4.1"
  dependencies:
    once: "npm:^1.4.0"
  checksum: 1ce83881bff8e29feae6d18a002bf3b92b70938f3b6761d9d62b9b077fade97cde949fb6c7da9b25962381ad86c13d6a0a50a7bb3232600c6998dc22e4903385
  languageName: node
  linkType: hard

"es-abstract@npm:^1.5.1":
  version: 1.13.0
  resolution: "es-abstract@npm:1.13.0"
  dependencies:
    es-to-primitive: "npm:^1.2.0"
    function-bind: "npm:^1.1.1"
    has: "npm:^1.0.3"
    is-callable: "npm:^1.1.4"
    is-regex: "npm:^1.0.4"
    object-keys: "npm:^1.0.12"
  checksum: c155474260c97988e31b2eda06d5c53f9c1548014e522ab3496b12dd4dee9f26304ba7fa80449cf559412dc3927db73934b85fbd63b9c4a19d72add617aba65c
  languageName: node
  linkType: hard

"es-to-primitive@npm:^1.2.0":
  version: 1.2.0
  resolution: "es-to-primitive@npm:1.2.0"
  dependencies:
    is-callable: "npm:^1.1.4"
    is-date-object: "npm:^1.0.1"
    is-symbol: "npm:^1.0.2"
  checksum: b44a1f3cdbd58002891776e10bd06f396057fd6bc6b9d4ae58a732f5ec1ab0c6520b1f0b1659c424a42f92d56306d6d715d0108956b3793a1e33cfe9d168982e
  languageName: node
  linkType: hard

"escape-string-regexp@npm:1.0.5, escape-string-regexp@npm:^1.0.5":
  version: 1.0.5
  resolution: "escape-string-regexp@npm:1.0.5"
  checksum: b535e47686864713efe35ac7fe331a5c0440bbe2c5f2f63ee0e56670fee6a11cd05656460121c6d1a2729e6bf5f1eaa17c71db343402e28a5fe56f8f9c4bc6c8
  languageName: node
  linkType: hard

"esprima@npm:^4.0.0":
  version: 4.0.1
  resolution: "esprima@npm:4.0.1"
  bin:
    esparse: ./bin/esparse.js
    esvalidate: ./bin/esvalidate.js
  checksum: 68bb3681679132883ce7e64acdf5e98a1907619c58fc731e7a8dac7718ff7ac7bdc9b08d8a9035461906baa06368c89bf14495d2d26b2c499c1c480bfb4eb55e
  languageName: node
  linkType: hard

"execa@npm:^1.0.0":
  version: 1.0.0
  resolution: "execa@npm:1.0.0"
  dependencies:
    cross-spawn: "npm:^6.0.0"
    get-stream: "npm:^4.0.0"
    is-stream: "npm:^1.1.0"
    npm-run-path: "npm:^2.0.0"
    p-finally: "npm:^1.0.0"
    signal-exit: "npm:^3.0.0"
    strip-eof: "npm:^1.0.0"
  checksum: e629a8c223251d41ee71e6b479fd514b0a9916fe7089e4d7874d929b964f13e22ac389075a8b14e38f7a0213c98298006bb25f247e137d7a277dbc4ef8508b83
  languageName: node
  linkType: hard

"find-up@npm:3.0.0, find-up@npm:^3.0.0":
  version: 3.0.0
  resolution: "find-up@npm:3.0.0"
  dependencies:
    locate-path: "npm:^3.0.0"
  checksum: 16f1f59fdd6f3695c2b89ac866d87443f09d47bb83272137cce178c3dc159cc3253e1ab494bb298396ca534611e9f525c72e1d5327d2242ccea1467063e72e41
  languageName: node
  linkType: hard

"flat@npm:^4.1.0":
  version: 4.1.0
  resolution: "flat@npm:4.1.0"
  dependencies:
    is-buffer: "npm:~2.0.3"
  bin:
    flat: cli.js
  checksum: 1066eae2c737e18b30029a1f15a05ea791e057cde20093831916c09e90d4238e36fb1febed942c68774f286fcbff02655f38ed9d57a80b0178ab3aa2191a4d08
  languageName: node
  linkType: hard

"fn-name@npm:~2.0.1":
  version: 2.0.1
  resolution: "fn-name@npm:2.0.1"
  checksum: 86be47a0a75f3a05be3a654fa63828738920c2423226ed880d5684f52b18564e55c245efd5fd0ba67b42825a2e63395315f041b6f13e5d017f26ebce220fc394
  languageName: node
  linkType: hard

"fs.realpath@npm:^1.0.0":
  version: 1.0.0
  resolution: "fs.realpath@npm:1.0.0"
  checksum: f259ee062dea37e195afda57b68b7577f14480b01150867f34a553accb2bb5198901075a2bafdb6ec8b01771073a6588dd9ec1871f46709fb5e5d732cdbd9d75
  languageName: node
  linkType: hard

"function-bind@npm:^1.1.1":
  version: 1.1.1
  resolution: "function-bind@npm:1.1.1"
  checksum: 9c75270028a55de8725feceb627bead09e14d568ec29618b79a2120557bbda8044477aaad095068523bde1d8c0cf095ee211bc6adc6bed660fe25916cfad6b7f
  languageName: node
  linkType: hard

"get-caller-file@npm:^1.0.1":
  version: 1.0.3
  resolution: "get-caller-file@npm:1.0.3"
  checksum: 98cb0c1243e4c69525f45b2020ecfc7fc4d9979a9e138b63bcbfa08c9febfe8e1d33b3f27d8ac16b79e31669f0f4b215ad7548a865347e3dc788c4b28e9be800
  languageName: node
  linkType: hard

"get-caller-file@npm:^2.0.1":
  version: 2.0.5
  resolution: "get-caller-file@npm:2.0.5"
  checksum: 5f8035502b92604d3671e0bc9d9eab4e04f202805b86826e8745a4c057a94003ba02ff2f206f9c794686a7d774d0050f32102f261a005dbed580d12dc76031bb
  languageName: node
  linkType: hard

"get-func-name@npm:^2.0.0":
  version: 2.0.0
  resolution: "get-func-name@npm:2.0.0"
  checksum: 4b475bddd661dc356dfafd7d92f38f9f87606621b536085ecb109ca7da297e31d6af3cddde09b1bc3c2360e1c87b0608b577d89a160cf4724928100c9a2e169a
  languageName: node
  linkType: hard

"get-stream@npm:^4.0.0":
  version: 4.1.0
  resolution: "get-stream@npm:4.1.0"
  dependencies:
    pump: "npm:^3.0.0"
  checksum: c6b0e9200d55c52f6f5166ad9dd8a1ab4e20f07244cc12ef26e38b3a106cbf693e7b098d0da935fdcec09f4ae1bfd90ad0354ce51173ed13a1b8b4b85e87bf82
  languageName: node
  linkType: hard

"glob@npm:7.1.3":
  version: 7.1.3
  resolution: "glob@npm:7.1.3"
  dependencies:
    fs.realpath: "npm:^1.0.0"
    inflight: "npm:^1.0.4"
    inherits: "npm:2"
    minimatch: "npm:^3.0.4"
    once: "npm:^1.3.0"
    path-is-absolute: "npm:^1.0.0"
  checksum: 8ff1814c83accb6d7d8044534bb99cbc368576b063bd5effb2daa02d55d1d0de590db58dde4c403e70c35488a9ee337c61ab206b6bd4bdad8fde0408ecaa3caf
  languageName: node
  linkType: hard

"growl@npm:1.10.5":
  version: 1.10.5
  resolution: "growl@npm:1.10.5"
  checksum: c840e819b3648d851376870b6bb77b948116d778b993ddb1c36d087aa2ef8ece81f408763452c3a7adcb255a844bfc8f651edb1a486200372a99289902509698
  languageName: node
  linkType: hard

"has-flag@npm:^3.0.0":
  version: 3.0.0
  resolution: "has-flag@npm:3.0.0"
  checksum: f574d281701fc774d321a351a944b822b602601b9ca24bfa2c26dab88d6b6bbe28b73866f453652c4b809ba63eba568ce95bb4c01c0bbd54fbee4d3d0cc56608
  languageName: node
  linkType: hard

"has-symbols@npm:^1.0.0":
  version: 1.0.0
  resolution: "has-symbols@npm:1.0.0"
  checksum: 3da3365ce5ab720c71a940fa98474413e48d744606a778134f8f955b9e2f798596683a222fb15a7710f2eac6f6bd7f1efbfbb74a3a4814261991cc01c73e02d9
  languageName: node
  linkType: hard

"has@npm:^1.0.1, has@npm:^1.0.3":
  version: 1.0.3
  resolution: "has@npm:1.0.3"
  dependencies:
    function-bind: "npm:^1.1.1"
  checksum: c5afc152918fcd1539a54e3c4abf5b9c75659d83ba77f3616089c1846589db82123c70d379c4a5c733908f779ff0e3c2f4d0da81419ab6e304ec5e00de0d1ec2
  languageName: node
  linkType: hard

"he@npm:1.2.0":
  version: 1.2.0
  resolution: "he@npm:1.2.0"
  bin:
    he: bin/he
  checksum: 26584e78f0c72f355babf93ca25efdd1c14d7b618ea70ec7f7455066bc059456baa7ed07cfe0b8f32c34c8d625a0bb1a50acbae04b9c6010bb51573ebe91ed49
  languageName: node
  linkType: hard

"inflight@npm:^1.0.4":
  version: 1.0.6
  resolution: "inflight@npm:1.0.6"
  dependencies:
    once: "npm:^1.3.0"
    wrappy: "npm:1"
  checksum: 3c83d23b977c4e6a811e3c22c8be56df2fa4dfc0c83f4be5a3651acf4a27e77a642bad0a3e7d18528a0acf61cb0d88e0a810d27fdb0646894c694fc2a61df229
  languageName: node
  linkType: hard

"inherits@npm:2":
  version: 2.0.4
  resolution: "inherits@npm:2.0.4"
  checksum: 9457df90848da63d30a0373aac4053a397317bf1a12fa0156670f2960b335651fc54037431f8e0c9c435c76b6b9e802d62b74ec702a0e2d340d6cf547677d9db
  languageName: node
  linkType: hard

"invert-kv@npm:^2.0.0":
  version: 2.0.0
  resolution: "invert-kv@npm:2.0.0"
  checksum: bce8168f021e0cf31e464e0e55579c55b56e29e803283fc6708ad3b58f9303e8106e567bdb3477098aee2253ad09c144dd406fb784a617b548de67410f7e7637
  languageName: node
  linkType: hard

"is-buffer@npm:~2.0.3":
  version: 2.0.3
  resolution: "is-buffer@npm:2.0.3"
  checksum: e26cceccb02cb95c9675eda6e516f11934ca39f0d2907f720d1972e74c1223b1a4a4b04fb2a1a960c2dcfa68454558bc54a5d56248348810d8edaaed056c4ca9
  languageName: node
  linkType: hard

"is-callable@npm:^1.1.4":
  version: 1.1.4
  resolution: "is-callable@npm:1.1.4"
  checksum: 041e4bed6fb99579b4af91bc182178d6b691c84fe065cd58b3dcf5f15442064b48cc445ef39008032e27afb802a0df0bfadddaa63d2c660cc14cfeb3253e9693
  languageName: node
  linkType: hard

"is-date-object@npm:^1.0.1":
  version: 1.0.1
  resolution: "is-date-object@npm:1.0.1"
  checksum: 38324b7e1306e1f8eb133fa0281e51a5cddd1d12cbff985f77889f906caf07b958b2a60f1480394b319027478bddca86d89f25058dc123d43a797dc9b5b5c3ad
  languageName: node
  linkType: hard

"is-fullwidth-code-point@npm:^1.0.0":
  version: 1.0.0
  resolution: "is-fullwidth-code-point@npm:1.0.0"
  dependencies:
    number-is-nan: "npm:^1.0.0"
  checksum: 60eb0e920e6d6496ae7847c5e301e692ac2ecb9f5691701f0fdd9957e663e6ce2a46c088991e913ce5a3ef42117806e44f1a8d6bed9a65a4863463272de5aa9d
  languageName: node
  linkType: hard

"is-fullwidth-code-point@npm:^2.0.0":
  version: 2.0.0
  resolution: "is-fullwidth-code-point@npm:2.0.0"
  checksum: 16fa232175569b81341138ff19b55c8cbe88a1c5c3951851d2e39dfa9fddb26b04f0cd98fcee38ec3ecbb2f50bc5b2873121183db6587b2184b79b13c0319a34
  languageName: node
  linkType: hard

"is-regex@npm:^1.0.4":
  version: 1.0.4
  resolution: "is-regex@npm:1.0.4"
  dependencies:
    has: "npm:^1.0.1"
  checksum: 26e6350de16151f7e421b02877a041e0e01ee9be8498177fe48edd0e7f3e70cafd5faf1d327a0a14049dbf11f1af3962317b03221fbd92baaba6c48b7b3c5341
  languageName: node
  linkType: hard

"is-stream@npm:^1.1.0":
  version: 1.1.0
  resolution: "is-stream@npm:1.1.0"
  checksum: c7c489de877bb190b05aa5b7726897d584ed7c78d68fe385de20ec83eab577edc3b9e8796938d3ab188ffef6c816b83dc2a3f2490ff1d345c160c1697b043ca1
  languageName: node
  linkType: hard

"is-symbol@npm:^1.0.2":
  version: 1.0.2
  resolution: "is-symbol@npm:1.0.2"
  dependencies:
    has-symbols: "npm:^1.0.0"
  checksum: 9e06cb8ec7f67fa349e048cbd5a0016865cea84f2b415a06357c141cfad5e833a9e6317fd9e44492a381cea8a2764f473f87e66b982379ada077bde2b164d0a9
  languageName: node
  linkType: hard

"isexe@npm:^2.0.0":
  version: 2.0.0
  resolution: "isexe@npm:2.0.0"
  checksum: 8312a3258bc24b5b640321cace7f48805ac2b19b5154b5f517f21802805786780f324d025ce1f685fa89604f7ebf84ba97dbd813c27dff8339d20d83a57bcd0d
  languageName: node
  linkType: hard

"js-yaml@npm:3.13.1":
  version: 3.13.1
  resolution: "js-yaml@npm:3.13.1"
  dependencies:
    argparse: "npm:^1.0.7"
    esprima: "npm:^4.0.0"
  bin:
    js-yaml: bin/js-yaml.js
  checksum: 935bc29f81d4d7e79cc0e197303d16b6b33078f4da1a8231992f8c5ba2231d18f157ef4532dbc5c8e3d163c30147586e2db2883830acd68f6b522185bfc8314b
  languageName: node
  linkType: hard

"lcid@npm:^2.0.0":
  version: 2.0.0
  resolution: "lcid@npm:2.0.0"
  dependencies:
    invert-kv: "npm:^2.0.0"
  checksum: 1da583f1805c4c3ed2492d101bdc4cac8d1904748b1b07d27e021a919ed6fa780f58502b5b17aee2e7a15a824e76e0fb7d3a401c06c04aea62a89acb450aafc3
  languageName: node
  linkType: hard

"locate-path@npm:^3.0.0":
  version: 3.0.0
  resolution: "locate-path@npm:3.0.0"
  dependencies:
    p-locate: "npm:^3.0.0"
    path-exists: "npm:^3.0.0"
  checksum: 5b51f30c67cdf8750d0e26bc61a236745e36871d9aee5e80756f01a64a927e559ae579e4b06cc2946a3c36cac13aeaf82dcb7dbac449f6d5546e95ccebb2fa44
  languageName: node
  linkType: hard

"lodash@npm:^4.17.11":
  version: 4.17.14
  resolution: "lodash@npm:4.17.14"
  checksum: ebb70bae0ea392fad3dd7f9b1d334e79e3d98e8bd4a19aa4af157b3daa1083e10faaf87dab799ac1ba45352c4c20ecdb63fbc9f636833f3330a1a9b58520cb16
  languageName: node
  linkType: hard

"log-symbols@npm:2.2.0":
  version: 2.2.0
  resolution: "log-symbols@npm:2.2.0"
  dependencies:
    chalk: "npm:^2.0.1"
  checksum: 9522315f2dd237b561bdc1063fe61edf7cb29b8e4afa27636ab5db546ad7609b661a18400bc7c016b307b145362e8174421ba76997e2667fb853bc60bfcaa608
  languageName: node
  linkType: hard

"make-error@npm:^1.1.1":
  version: 1.3.5
  resolution: "make-error@npm:1.3.5"
  checksum: 873e37a0036870553f9d3aa26fcc012fc3707a9468914acdbef86b3e59e6a30ce86ece49cad5fee579cb6b6e33d991fadfde09b93681e02016c6d798e7e74bdc
  languageName: node
  linkType: hard

"map-age-cleaner@npm:^0.1.1":
  version: 0.1.3
  resolution: "map-age-cleaner@npm:0.1.3"
  dependencies:
    p-defer: "npm:^1.0.0"
  checksum: 71c999291c9c260992710cb18eb88cb01fa0fc4ef6b650ab01835e060f19842e5ef2cabdf311954fe559614cddc7d2b5e90387aab993143c68f780987a7d6e8b
  languageName: node
  linkType: hard

"mem@npm:^4.0.0":
  version: 4.3.0
  resolution: "mem@npm:4.3.0"
  dependencies:
    map-age-cleaner: "npm:^0.1.1"
    mimic-fn: "npm:^2.0.0"
    p-is-promise: "npm:^2.0.0"
  checksum: d2a7330c1c26e8359305c56c8fa4367172b509b60b103f0fe6d4915b279561a4b76f0d9a7adec7b7f7c466ba7e4caf938ea428d5b6e118b0af4b131900064f0d
  languageName: node
  linkType: hard

"mimic-fn@npm:^2.0.0":
  version: 2.1.0
  resolution: "mimic-fn@npm:2.1.0"
  checksum: 181bd2c276eb76d4d43e5d6c519b8af089ac5a87587df7d7097f00cefc64ed5257a49f61237cda1147165eba8459cc6e28bff11a3da5e20d7eb4887761816466
  languageName: node
  linkType: hard

"minimatch@npm:3.0.4, minimatch@npm:^3.0.4":
  version: 3.0.4
  resolution: "minimatch@npm:3.0.4"
  dependencies:
    brace-expansion: "npm:^1.1.7"
  checksum: 810bdc0f779745f3c5faeb8096d722da68f1a751b398b473f2ab87902e36546b2de764324b337af17793fe833b0d82efddd0933fa0d089073a31e5e4747f8cf8
  languageName: node
  linkType: hard

"minimist@npm:0.0.8":
  version: 0.0.8
  resolution: "minimist@npm:0.0.8"
  checksum: f824cd001247c73b7ff5561b6e179189766d9b6c1c91335bd3c81e3e2f523aab4bbc3bc3c02ccb276ec2a25f3fda1f7264a477b2fae82d70b672da4a5a3000ae
  languageName: node
  linkType: hard

"mkdirp@npm:0.5.1":
  version: 0.5.1
  resolution: "mkdirp@npm:0.5.1"
  dependencies:
    minimist: "npm:0.0.8"
  bin:
    mkdirp: bin/cmd.js
  checksum: 82088624b1510a084fc91a53fc3492a7dee19e9272c35e54be47e3ab6a05c312efaa1b0e8e273871443084939b9ea6dfa20c333954c005af715a73128117a303
  languageName: node
  linkType: hard

"mocha@npm:^6.1.4":
  version: 6.1.4
  resolution: "mocha@npm:6.1.4"
  dependencies:
    ansi-colors: "npm:3.2.3"
    browser-stdout: "npm:1.3.1"
    debug: "npm:3.2.6"
    diff: "npm:3.5.0"
    escape-string-regexp: "npm:1.0.5"
    find-up: "npm:3.0.0"
    glob: "npm:7.1.3"
    growl: "npm:1.10.5"
    he: "npm:1.2.0"
    js-yaml: "npm:3.13.1"
    log-symbols: "npm:2.2.0"
    minimatch: "npm:3.0.4"
    mkdirp: "npm:0.5.1"
    ms: "npm:2.1.1"
    node-environment-flags: "npm:1.0.5"
    object.assign: "npm:4.1.0"
    strip-json-comments: "npm:2.0.1"
    supports-color: "npm:6.0.0"
    which: "npm:1.3.1"
    wide-align: "npm:1.1.3"
    yargs: "npm:13.2.2"
    yargs-parser: "npm:13.0.0"
    yargs-unparser: "npm:1.5.0"
  bin:
    _mocha: ./bin/_mocha
    mocha: ./bin/mocha
  checksum: 70d6f826f70521a61f5373e24f4187fb161cf5060d9d920eaedc5c50293844d9af7e9e3723d6362a6f7c4eb93a741f376c60837bd1f70f22903859c6555d4506
  languageName: node
  linkType: hard

"ms@npm:2.1.1, ms@npm:^2.1.1":
  version: 2.1.1
  resolution: "ms@npm:2.1.1"
  checksum: 7ad201d0ba1965224f82e5c40a18cb4c2c47c1317e44874eb0298a1a56fff9f25fedadca3117471cbf5cf00fb045cf1824523148acbe60b73bc5de4142f9dead
  languageName: node
  linkType: hard

"nice-try@npm:^1.0.4":
  version: 1.0.5
  resolution: "nice-try@npm:1.0.5"
  checksum: a97fdff0c3b5b624556b95c28d74020378395cc6b47430ff92ca5dfa6f6c650c2a527590aa2a239bd951f629be522cc40538f2188fa402e559f04b6d5225eab2
  languageName: node
  linkType: hard

"node-environment-flags@npm:1.0.5":
  version: 1.0.5
  resolution: "node-environment-flags@npm:1.0.5"
  dependencies:
    object.getownpropertydescriptors: "npm:^2.0.3"
    semver: "npm:^5.7.0"
  checksum: b39f523bf42bd91c3be11a4dc44ebbd5328517eee71cc7a95b41583d79c77473d8dfc313aa234d7c664dd4c2e14fe0db608a08eb9a114220ebb5cdc1fe841341
  languageName: node
  linkType: hard

"npm-run-path@npm:^2.0.0":
  version: 2.0.2
  resolution: "npm-run-path@npm:2.0.2"
  dependencies:
    path-key: "npm:^2.0.0"
  checksum: 0385d2cf3ec496041e151cbc5a14851eb29ac6d54aa0cc594f7438deca383135099a1ad934df09077dd59574bb69e43928644705f7c4cb3d1c749871225667cc
  languageName: node
  linkType: hard

"number-is-nan@npm:^1.0.0":
  version: 1.0.1
  resolution: "number-is-nan@npm:1.0.1"
  checksum: e47b15a088d849fc44bd00112747340e075accc725f02f0ae358b7556b9a29018dcfe241fa5a956dfd626086fa5e320f8c80da1625ad0b064a40eaa1e20163e3
  languageName: node
  linkType: hard

"object-keys@npm:^1.0.11, object-keys@npm:^1.0.12":
  version: 1.1.1
  resolution: "object-keys@npm:1.1.1"
  checksum: aaec8b248f06df2c60a6a397fb3af922f4cfd917a99c72b3fa4451fd496777bd550bc54525225740c19b9cd0205d6032973ae19d16f71779ceea2db379a925ca
  languageName: node
  linkType: hard

"object.assign@npm:4.1.0":
  version: 4.1.0
  resolution: "object.assign@npm:4.1.0"
  dependencies:
    define-properties: "npm:^1.1.2"
    function-bind: "npm:^1.1.1"
    has-symbols: "npm:^1.0.0"
    object-keys: "npm:^1.0.11"
  checksum: 19c09985456c490a936524c5118f2a0776623b81cf1af15f819d6e6f846aa569daaf5d160358b8d32e5859434348792a89c7b4e9f4d013a9af195b9a3b5cb56c
  languageName: node
  linkType: hard

"object.getownpropertydescriptors@npm:^2.0.3":
  version: 2.0.3
  resolution: "object.getownpropertydescriptors@npm:2.0.3"
  dependencies:
    define-properties: "npm:^1.1.2"
    es-abstract: "npm:^1.5.1"
  checksum: ec2be034be9a362800d7cade89a2b0ac3e80537e3af6aee62d4a980b75c8679032f8e9106495b15ed2fd0164e2696a19fdcf4cb7abc368df0b6ba937c6741285
  languageName: node
  linkType: hard

"once@npm:^1.3.0, once@npm:^1.3.1, once@npm:^1.4.0":
  version: 1.4.0
  resolution: "once@npm:1.4.0"
  dependencies:
    wrappy: "npm:1"
  checksum: 9353242f6840822466aaea7985c6ba19f04de7adef144592204373ff28565ce2bc1f38bff42692a835c1dc18c73dd79aa98962de3030ac3a132dc89314036877
  languageName: node
  linkType: hard

"os-locale@npm:^3.0.0, os-locale@npm:^3.1.0":
  version: 3.1.0
  resolution: "os-locale@npm:3.1.0"
  dependencies:
    execa: "npm:^1.0.0"
    lcid: "npm:^2.0.0"
    mem: "npm:^4.0.0"
  checksum: 8d5f17b6284b1efad46774ee04b11970a2ef53059f4a88505a0871a2d33db38b5139a9ceaed54c224d8635dd1352be0e220de3aaab2579083e21d31eadeef524
  languageName: node
  linkType: hard

"p-defer@npm:^1.0.0":
  version: 1.0.0
  resolution: "p-defer@npm:1.0.0"
  checksum: 0f63fac72842a6fc6a4e0a03fea60ca74f713619c78b0f18ada7d28ab8b79752bafeb7517f790bad91893b153297f54b98d4e765259959dc4a90f47682cfe60a
  languageName: node
  linkType: hard

"p-finally@npm:^1.0.0":
  version: 1.0.0
  resolution: "p-finally@npm:1.0.0"
  checksum: 2c7829b734475db7d12819ce0547a54c347b980c1c3620d1b9fafe1aa0834a950afca651d1862e9455ea19cfcd2d680ff83e57c2c4dc62471ef85f2c214f4005
  languageName: node
  linkType: hard

"p-is-promise@npm:^2.0.0":
  version: 2.1.0
  resolution: "p-is-promise@npm:2.1.0"
  checksum: b8e389e9439905a8f6fcb5006d735c7bc983d5ba6936f5363251831f01a1812ca0f1bd5d94cce381234d137dcd45647e77a345601ca99ba1c7c86c1711a2aba6
  languageName: node
  linkType: hard

"p-limit@npm:^2.0.0":
  version: 2.2.0
  resolution: "p-limit@npm:2.2.0"
  dependencies:
    p-try: "npm:^2.0.0"
  checksum: 2c462ba89b2720368b6a784b2d4a6f6da131884a81c14fd8623ec7c3704af8999845f5b7e358fd8bddd75fdcdadaea009406fe03328ebad227e7fca02c5c41ae
  languageName: node
  linkType: hard

"p-locate@npm:^3.0.0":
  version: 3.0.0
  resolution: "p-locate@npm:3.0.0"
  dependencies:
    p-limit: "npm:^2.0.0"
  checksum: fb343d116f26aa36fb89c70a311d08fa2d4a864c9aeaa592510d20959706592a7e2f3fe8cc1325794717b9c9488d03761d5ad84c72c808883e61ee04611a037c
  languageName: node
  linkType: hard

"p-try@npm:^2.0.0":
  version: 2.2.0
  resolution: "p-try@npm:2.2.0"
  checksum: 4d037bc7cda14427243047514e267c857b5300237e30d5f54c338541b61a4ff2bb7e2f40bf83277ea31d2875a0889db7654dd6a8a014a392b01ca6a46a17bf4f
  languageName: node
  linkType: hard

"path-exists@npm:^3.0.0":
  version: 3.0.0
  resolution: "path-exists@npm:3.0.0"
  checksum: 285615f4b3349ee4b4b8a943a43826256d3b20513bfcfe51c97155ee4aee02662a550e8bc8713dcf994bd093cd12288560a90f86cf10ded0ac39b6906dade793
  languageName: node
  linkType: hard

"path-is-absolute@npm:^1.0.0":
  version: 1.0.1
  resolution: "path-is-absolute@npm:1.0.1"
  checksum: fc7963efdd45f09578ee4003f4b83da34df9fadd67ed16c4924109f86510d3b1a2a7450a5130e4bb3c701c26c80bfe22b13bfaa2509325885db6f566f4a72e5b
  languageName: node
  linkType: hard

"path-key@npm:^2.0.0, path-key@npm:^2.0.1":
  version: 2.0.1
  resolution: "path-key@npm:2.0.1"
  checksum: 43b2d46679ddca6263996972bb3281559b7bf09f42a4f528c27459ff0d364852e64f89dfd7c3a68a94710e06c9bb0158c75b71d1af1d4054248de3562665962c
  languageName: node
  linkType: hard

"pathval@npm:^1.1.0":
  version: 1.1.0
  resolution: "pathval@npm:1.1.0"
  checksum: 5218105f9bc01ce9fe88e0eebf69df4e4e1fa72b33b776fd7b808782af2ad533cb298b338d1cd80a48aa23cbec526a21756d223bce04ce34b7d6707bb48f79f2
  languageName: node
  linkType: hard

"property-expr@npm:^1.5.0":
  version: 1.5.1
  resolution: "property-expr@npm:1.5.1"
  checksum: 9be55c32ca345186ede70d7464db0f7d3beb0ffa096a79922a04e4efbc06d306d7bc73b39d64499ce265fc41a26f7257d3460501eb693c274a8762155e3d7997
  languageName: node
  linkType: hard

"pump@npm:^3.0.0":
  version: 3.0.0
  resolution: "pump@npm:3.0.0"
  dependencies:
    end-of-stream: "npm:^1.1.0"
    once: "npm:^1.3.1"
  checksum: ab849157e988616e19b6e16645a86016a8cf5a56ceaeab076452eca24f5f64162d03b7b915039296935d148f79c1c9ebbfd023589de3fe6c0ba2883aaf91d885
  languageName: node
  linkType: hard

"regenerator-runtime@npm:^0.13.2":
  version: 0.13.2
  resolution: "regenerator-runtime@npm:0.13.2"
  checksum: 1f58d98304183f26d8a67180855cffd89ba350e4b6a67839fd617b4ae0126fa758d30834d8400ceb1ba8d4598024cd9357c7236149cb3b86491f2772e27f0159
  languageName: node
  linkType: hard

"require-directory@npm:^2.1.1":
  version: 2.1.1
  resolution: "require-directory@npm:2.1.1"
  checksum: b3a2dab9b9ced7fc1b221dc52a841109f464b4ff17b7edc4c6e5fe7380ca112a51ea03a2b40be60bcff7f2f30d8582560857b9d1a21c29f16e3bd19e46f4652d
  languageName: node
  linkType: hard

"require-main-filename@npm:^1.0.1":
  version: 1.0.1
  resolution: "require-main-filename@npm:1.0.1"
  checksum: ef357e16d5fdcfdedc1b46fc55d13c0eb44fff579af98b031589a836b9f1de21d141cd220dcecfb84d1cad381e02a032c7a8a46a99e38804d00097792a4b00a0
  languageName: node
  linkType: hard

"require-main-filename@npm:^2.0.0":
  version: 2.0.0
  resolution: "require-main-filename@npm:2.0.0"
  checksum: 2a6234f512c8449a32dd3f6347b7596da041399ebb66a0d45697f34a009634cc4e76a72f2bf43afb4208a2d6f7fe7f444cf598d3c79f19b68bc79ccdeb826301
  languageName: node
  linkType: hard

"semver@npm:^5.5.0, semver@npm:^5.7.0":
  version: 5.7.0
  resolution: "semver@npm:5.7.0"
  bin:
    semver: ./bin/semver
  checksum: 823e5c9fb1381ccb18f4fb0ea2fd08fe4ff4410ac75d382672adb8cba0ece21cf5219f5be5e7de6d8d9057f1955c297da2c546b5412f910fdbc215f731770469
  languageName: node
  linkType: hard

"set-blocking@npm:^2.0.0":
  version: 2.0.0
  resolution: "set-blocking@npm:2.0.0"
  checksum: 1d8d077bd4227bf634e9a440840ad55239dbe772255526b0232d8e0cf9fa438ce9faa352694be4675addfd8596caa466f15808706b26cdbe5ab05e0eef577fca
  languageName: node
  linkType: hard

"shebang-command@npm:^1.2.0":
  version: 1.2.0
  resolution: "shebang-command@npm:1.2.0"
  dependencies:
    shebang-regex: "npm:^1.0.0"
  checksum: 58451dadac2f741e3fe468accfdc263c0b2b42ef0a26dd87ac9688dd3aa908a6e2bf74410d1f0943a20baf4e11717b34ce803185aff4c031efa3ab12455e568b
  languageName: node
  linkType: hard

"shebang-regex@npm:^1.0.0":
  version: 1.0.0
  resolution: "shebang-regex@npm:1.0.0"
  checksum: cbd9dddef6419c94534619e2eb40b663bd4d6175de299d41d3d4b03290a839e69a75bee45dfab648c4027355b268f7ba142e483b9eef3a3f1b0084800d04163f
  languageName: node
  linkType: hard

"signal-exit@npm:^3.0.0":
  version: 3.0.2
  resolution: "signal-exit@npm:3.0.2"
  checksum: ce17937b1712ddb2e009347833bfe990d77d09d4b2fda9f017f655ff374c58c8a58ebcf6fdff211bbb7f14fae71c75d34a75f29583c3328d866c40798c225da1
  languageName: node
  linkType: hard

"source-map-support@npm:^0.5.6":
  version: 0.5.12
  resolution: "source-map-support@npm:0.5.12"
  dependencies:
    buffer-from: "npm:^1.0.0"
    source-map: "npm:^0.6.0"
  checksum: cc9afe7ea15d244aacd257a607548d04fe69f011cbb2372e4fe82eab31f927d3964a3917941d3e7f161fddd01eeac22e2364163bfa06729efe0f1e7bb9e00fd3
  languageName: node
  linkType: hard

"source-map@npm:^0.6.0":
  version: 0.6.1
  resolution: "source-map@npm:0.6.1"
  checksum: 7db5bcef389215ccf45cf30df1e1ed24cffd1fcceb6032b20cde1fba30beb02a84b91f12497d5ec00f8fcefe1b51818d1aa7ffa282d767521e60081e68b70de9
  languageName: node
  linkType: hard

"sprintf-js@npm:~1.0.2":
  version: 1.0.3
  resolution: "sprintf-js@npm:1.0.3"
  checksum: 3a464bc1ce6f68c7ea6193af281051675ebdb54b7fe733dcfc5629fc7d507dc1120ff6028d67b8acdfdad1cca23074f61da5edfa2b8290385982c068b4caf062
  languageName: node
  linkType: hard

"string-width@npm:^1.0.1":
  version: 1.0.2
  resolution: "string-width@npm:1.0.2"
  dependencies:
    code-point-at: "npm:^1.0.0"
    is-fullwidth-code-point: "npm:^1.0.0"
    strip-ansi: "npm:^3.0.0"
  checksum: 26db741e3acc0a01e37c6750a76d0020369857b0b24e83f424c97038db40f41134dbf1b606ea9feae18e8d33995832addb35897dc774d16d1c9b618884ef6110
  languageName: node
  linkType: hard

"string-width@npm:^1.0.2 || 2, string-width@npm:^2.0.0, string-width@npm:^2.1.1":
  version: 2.1.1
  resolution: "string-width@npm:2.1.1"
  dependencies:
    is-fullwidth-code-point: "npm:^2.0.0"
    strip-ansi: "npm:^4.0.0"
  checksum: 3aa3ceb7103b02f2a1c8225edb27cd6e2acb1cd1ccd6a070edbfdba396821c85b23c635970beafcb75e1057cca6c2a45aec0db44a839c20911a64e88d80dcd4b
  languageName: node
  linkType: hard

"string-width@npm:^3.0.0":
  version: 3.1.0
  resolution: "string-width@npm:3.1.0"
  dependencies:
    emoji-regex: "npm:^7.0.1"
    is-fullwidth-code-point: "npm:^2.0.0"
    strip-ansi: "npm:^5.1.0"
  checksum: f645b6fe8fff62daf64aa90339d2abb34fbd2dc2a134515c681cc043aa86ea65df93e7f9fa40ed498dbb45f65bae42935ba02be2123a13294d9562460f2a64a5
  languageName: node
  linkType: hard

"strip-ansi@npm:^3.0.0, strip-ansi@npm:^3.0.1":
  version: 3.0.1
  resolution: "strip-ansi@npm:3.0.1"
  dependencies:
    ansi-regex: "npm:^2.0.0"
  checksum: b310474d2c1a92cf0ac0462a8ffedb24966f23dbb9de9ae84bb84d718eb1dafaadf94d32daccc8eb7db372a5b9afff83829ecb705e73b414d6db688692264083
  languageName: node
  linkType: hard

"strip-ansi@npm:^4.0.0":
  version: 4.0.0
  resolution: "strip-ansi@npm:4.0.0"
  dependencies:
    ansi-regex: "npm:^3.0.0"
  checksum: 73b5dc11734899bf0d346ac157e91fb62f4d2941e045ce75ef02d5c7bffa424300651495269c4ed2cb2c150004a543b41e7e0ab74979136e327535b84e57f60a
  languageName: node
  linkType: hard

"strip-ansi@npm:^5.1.0":
  version: 5.2.0
  resolution: "strip-ansi@npm:5.2.0"
  dependencies:
    ansi-regex: "npm:^4.1.0"
  checksum: b93319d43bf59c92af47808057b05b576147f4501127a1d9138ca16fe1793cd6dd2a31eb8ab317ae59357cb89ea33835e37ab38693debcf10f25a03672232689
  languageName: node
  linkType: hard

"strip-eof@npm:^1.0.0":
  version: 1.0.0
  resolution: "strip-eof@npm:1.0.0"
  checksum: fd3f003c69be82796565ac7f60c4eceec562a31bc2a780e0cd1eedff9942ed802fe4b20150dc7ecb8a06341b1a0e0f44c558050eaff296bcdcc2dab204a744a4
  languageName: node
  linkType: hard

"strip-json-comments@npm:2.0.1":
  version: 2.0.1
  resolution: "strip-json-comments@npm:2.0.1"
  checksum: aa2db57531627b0ce61ae9eb7ef749f130a246aa63f33dadcb93695f13f766ee4ba421f1f99817eca0fdbb2c6f842e7bc896ec53fdf483f3f8a72abdfdeb4b2f
  languageName: node
  linkType: hard

"supports-color@npm:6.0.0":
  version: 6.0.0
  resolution: "supports-color@npm:6.0.0"
  dependencies:
    has-flag: "npm:^3.0.0"
  checksum: 112cd899b2c9fbdbed3efe766f25cd1af0b9347fad9a832252b4ed7686096408e80bafd29c7e840676bd138e46a83f9ee24c92ae4a78fb46a7c55f7ff0345872
  languageName: node
  linkType: hard

"supports-color@npm:^5.3.0":
  version: 5.5.0
  resolution: "supports-color@npm:5.5.0"
  dependencies:
    has-flag: "npm:^3.0.0"
  checksum: 130fab9cd5e238205a4ae2c9e9fd82e23fc3f3196e26ce7655befda5681f3053f54b76af1709fe45512b58ac642aae7f84f487e79ca2a6a33fdc45589b7f1864
  languageName: node
  linkType: hard

"synchronous-promise@npm:^2.0.6":
  version: 2.0.9
  resolution: "synchronous-promise@npm:2.0.9"
  checksum: 74df1096250a1a037f00e19baa6bab89030073f005e8261929e6def7e924f2387b8b0aaf514eaaf5f49118a8465df9168bf4a97d7c6e7c0382a2580259a16bf7
  languageName: node
  linkType: hard

"toposort@npm:^2.0.2":
  version: 2.0.2
  resolution: "toposort@npm:2.0.2"
  checksum: 49fbfa199e8b6806cf36d8fd9e16394991688444063c5fb942f6a0435b6a4d6304d586380b30239ecc9740e91e3557daa24640ea35ce049fdf709a8ce95bae5d
  languageName: node
  linkType: hard

"ts-node@npm:^8.3.0":
  version: 8.3.0
  resolution: "ts-node@npm:8.3.0"
  dependencies:
    arg: "npm:^4.1.0"
    diff: "npm:^4.0.1"
    make-error: "npm:^1.1.1"
    source-map-support: "npm:^0.5.6"
    yn: "npm:^3.0.0"
  peerDependencies:
    typescript: ">=2.0"
  bin:
    ts-node: dist/bin.js
  checksum: 66ee6fdc4f330147e22ddea59ace90bb396513ce3e08cfc9e6f2f4e9b88fcc7d292c4bf0b97a4242e627ebe89e107d8bd47d2324806836d24b350b9927c393e5
  languageName: node
  linkType: hard

"type-detect@npm:^4.0.0, type-detect@npm:^4.0.5":
  version: 4.0.8
  resolution: "type-detect@npm:4.0.8"
  checksum: 19ab7906da1cff0be96e382e1e0d2595536cca008366ad3eea52f2de44be6ac59ec131c711b7b66d4fcb0e509993cffc3470da24d504a05e32aaacd8995a7fa6
  languageName: node
  linkType: hard

"typescript@npm:^3.5.3":
  version: 3.5.3
  resolution: "typescript@npm:3.5.3"
  bin:
    tsc: ./bin/tsc
    tsserver: ./bin/tsserver
  checksum: 4e0027f35b67a55482e89917a384cb87e39fad11b03c0e660f098eac887656373168bc680302c45976a7e08179a470da2fe17c8864ad831275d343f2d1c627c2
  languageName: node
  linkType: hard

"which-module@npm:^2.0.0":
  version: 2.0.0
  resolution: "which-module@npm:2.0.0"
  checksum: 1eedfed8ff4f616438eda00d61312ee1b3f9c0c32149abf37e8177fa7a8c25e9e6ee050474318e9d2bcc1f89bae4df6b919e64bd692eb5b9b4e2c26bf077dcaf
  languageName: node
  linkType: hard

"which@npm:1.3.1, which@npm:^1.2.9":
  version: 1.3.1
  resolution: "which@npm:1.3.1"
  dependencies:
    isexe: "npm:^2.0.0"
  bin:
    which: ./bin/which
  checksum: f827af47bbb2d8c29c9aec65cf11860a9cfb66ec03d1c4ee1d5bb1738cddde9e91418099fabfffcb4f3be1b6ca13c7c5c31f825f8ca5bee97a52ca2c1bc49afe
  languageName: node
  linkType: hard

"wide-align@npm:1.1.3":
  version: 1.1.3
  resolution: "wide-align@npm:1.1.3"
  dependencies:
    string-width: "npm:^1.0.2 || 2"
  checksum: c6d8ef13beb3668e705724629c2a65be6dc59aa698f71fe37a1a760eaf75dd45e1a5bc09460c5d36d8a708e9b8e6721326d829b9ec2f5a3ce207c14442d90ca2
  languageName: node
  linkType: hard

"wrap-ansi@npm:^2.0.0":
  version: 2.1.0
  resolution: "wrap-ansi@npm:2.1.0"
  dependencies:
    string-width: "npm:^1.0.1"
    strip-ansi: "npm:^3.0.1"
  checksum: eae7ee35950b131bfffd57876d3da140ad644feb0a07eaba7d504081f95050dabe4355cffe9fa241bb522873e79d10ac051300a10ebc2700fafe30b4d843a1ed
  languageName: node
  linkType: hard

"wrappy@npm:1":
  version: 1.0.2
  resolution: "wrappy@npm:1.0.2"
  checksum: 78cf638e62da944f0ec1f0dffe1f99148e33e7908e92a2b717a0e97bcacd58033726b875bc6de4a05b206df6713c9f4d81b98a6f60ee4ac019d8b14a57772df0
  languageName: node
  linkType: hard

"y18n@npm:^3.2.1 || ^4.0.0, y18n@npm:^4.0.0":
  version: 4.0.0
  resolution: "y18n@npm:4.0.0"
  checksum: edeac22fe695712c44b20441ad25fa2b1d5abac3a0f1f84b4a2222a487d9a4eb7ae45ce7c05256eb69558670d7fb3ab2959122933df9ff0af14a8735f67b66dc
  languageName: node
  linkType: hard

"yargs-parser@npm:13.0.0, yargs-parser@npm:^13.0.0":
  version: 13.0.0
  resolution: "yargs-parser@npm:13.0.0"
  dependencies:
    camelcase: "npm:^5.0.0"
    decamelize: "npm:^1.2.0"
  checksum: b4d316cdedaf2134707846ec27327f00008bda802afca44c83497e476a587e9a83bbe4c491a2a5e0fd5589efafaad7d2158085fdd88fcc39f9c508f0df9edba0
  languageName: node
  linkType: hard

"yargs-parser@npm:^11.1.1":
  version: 11.1.1
  resolution: "yargs-parser@npm:11.1.1"
  dependencies:
    camelcase: "npm:^5.0.0"
    decamelize: "npm:^1.2.0"
  checksum: 6fb8700cf704ed0bb99f3397d463f2a701c04a7f6c57a1dc13832e320e92b3295551c67b149104dd13d3f7f0c45ba7d7fbcbb11d1ea6d4ad8b0b49b6dc703a58
  languageName: node
  linkType: hard

"yargs-unparser@npm:1.5.0":
  version: 1.5.0
  resolution: "yargs-unparser@npm:1.5.0"
  dependencies:
    flat: "npm:^4.1.0"
    lodash: "npm:^4.17.11"
    yargs: "npm:^12.0.5"
  checksum: 6fb7784704535f177f8a6642c12ea9d6dbb3bfd3944608bfa4a437912e488dd5572ba85ce1ab9642865265687a83c58bda3679c7771b88ea32951a49ba04f120
  languageName: node
  linkType: hard

"yargs@npm:13.2.2":
  version: 13.2.2
  resolution: "yargs@npm:13.2.2"
  dependencies:
    cliui: "npm:^4.0.0"
    find-up: "npm:^3.0.0"
    get-caller-file: "npm:^2.0.1"
    os-locale: "npm:^3.1.0"
    require-directory: "npm:^2.1.1"
    require-main-filename: "npm:^2.0.0"
    set-blocking: "npm:^2.0.0"
    string-width: "npm:^3.0.0"
    which-module: "npm:^2.0.0"
    y18n: "npm:^4.0.0"
    yargs-parser: "npm:^13.0.0"
  checksum: 8c0545ce1417c610b17a30f59805aa210e32b8e8de855ec6103dce553d5d2b45b467a24b3c6583dc4f35b934295676f916a22795e3ed470aa1efdfd62644da16
  languageName: node
  linkType: hard

"yargs@npm:^12.0.5":
  version: 12.0.5
  resolution: "yargs@npm:12.0.5"
  dependencies:
    cliui: "npm:^4.0.0"
    decamelize: "npm:^1.2.0"
    find-up: "npm:^3.0.0"
    get-caller-file: "npm:^1.0.1"
    os-locale: "npm:^3.0.0"
    require-directory: "npm:^2.1.1"
    require-main-filename: "npm:^1.0.1"
    set-blocking: "npm:^2.0.0"
    string-width: "npm:^2.0.0"
    which-module: "npm:^2.0.0"
    y18n: "npm:^3.2.1 || ^4.0.0"
    yargs-parser: "npm:^11.1.1"
  checksum: afb38e22d6942f321893a0f61982ebc59185476172d965a1d70a085cbe8268abe3d7c64c25ccb84236d7035fc99af3829ec735b9f3c39dec729871b77aaf4b0f
  languageName: node
  linkType: hard

"yn@npm:^3.0.0":
  version: 3.1.0
  resolution: "yn@npm:3.1.0"
  checksum: d2191148d213f394afc8d5a48f641c6fa3d4f11a9578520a827bccbd39eff0e96384ce59a13d1daa42abf032674668b8ce89328c2f179d069f65f26c36ab229e
  languageName: node
  linkType: hard

"yup@npm:^0.27.0":
  version: 0.27.0
  resolution: "yup@npm:0.27.0"
  dependencies:
    "@babel/runtime": "npm:^7.0.0"
    fn-name: "npm:~2.0.1"
    lodash: "npm:^4.17.11"
    property-expr: "npm:^1.5.0"
    synchronous-promise: "npm:^2.0.6"
    toposort: "npm:^2.0.2"
  checksum: 9d8da2fc52519375f9cd0f09f55ef0c93787514d656e0b2204b8acf0fc7a4b2f2c1d6e7bf5ac0aafc8579bfa40f0b7f0e586c00f53e1a4d491c279a430fc0749
  languageName: node
  linkType: hard
